
Microsoft Visual Studio Solution File, Format Version 12.00
# Visual Studio 14
VisualStudioVersion = 14.0.25420.1
MinimumVisualStudioVersion = 10.0.40219.1
Project("{FAE04EC0-301F-11D3-BF4B-00C04F79EFBC}") = "FancyFunnyCar", "FancyFunnyCar\FancyFunnyCar.csproj", "{5118AAE6-0C13-4267-A026-7A5BC3867293}"
EndProject
Project("{FAE04EC0-301F-11D3-BF4B-00C04F79EFBC}") = "RobotView", "RobotView\RobotView.csproj", "{5BDCF737-5D78-4891-A022-49BB36B5DF8E}"
EndProject
Project("{FAE04EC0-301F-11D3-BF4B-00C04F79EFBC}") = "RobotCtrl", "RobotCtrl\RobotCtrl.csproj", "{EAC8FDFE-DEB6-439E-81D6-0BEC2F184267}"
EndProject
Project("{FAE04EC0-301F-11D3-BF4B-00C04F79EFBC}") = "RobotIO", "RobotIO\RobotIO.csproj", "{6F9F0048-8A3A-49BF-BE64-DF0CE1ECAE09}"
EndProject
Project("{FAE04EC0-301F-11D3-BF4B-00C04F79EFBC}") = "TestMotor", "TestMotor\TestMotor.csproj", "{00412467-EC3A-4A91-B0BC-20CDEED1ECC7}"
EndProject
Project("{FAE04EC0-301F-11D3-BF4B-00C04F79EFBC}") = "Testat", "Testat\Testat.csproj", "{60933B57-C4EC-477C-BE72-8DD4901B941C}"
EndProject
Project("{FAE04EC0-301F-11D3-BF4B-00C04F79EFBC}") = "TestRadar", "TestRadar\TestRadar.csproj", "{6F09834D-4479-41C7-8A65-D7E26A950256}"
EndProject
Project("{FAE04EC0-301F-11D3-BF4B-00C04F79EFBC}") = "TestDrive", "TestDrive\TestDrive.csproj", "{D65363C0-2416-41AC-BFBA-41026C756DB8}"
EndProject
Project("{FAE04EC0-301F-11D3-BF4B-00C04F79EFBC}") = "HttpServer", "HttpServer\HttpServer.csproj", "{E43E9360-3998-4033-BA96-6AC0CCFAA08C}"
EndProject
Project("{FAE04EC0-301F-11D3-BF4B-00C04F79EFBC}") = "CommandServer", "CommandServer\CommandServer.csproj", "{E072B9F1-F266-4F97-AAF5-43C4880DCB2E}"
EndProject
Global
	GlobalSection(SolutionConfigurationPlatforms) = preSolution
		Debug|Any CPU = Debug|Any CPU
		Release|Any CPU = Release|Any CPU
	EndGlobalSection
	GlobalSection(ProjectConfigurationPlatforms) = postSolution
		{5118AAE6-0C13-4267-A026-7A5BC3867293}.Debug|Any CPU.ActiveCfg = Debug|Any CPU
		{5118AAE6-0C13-4267-A026-7A5BC3867293}.Debug|Any CPU.Build.0 = Debug|Any CPU
		{5118AAE6-0C13-4267-A026-7A5BC3867293}.Debug|Any CPU.Deploy.0 = Debug|Any CPU
		{5118AAE6-0C13-4267-A026-7A5BC3867293}.Release|Any CPU.ActiveCfg = Release|Any CPU
		{5118AAE6-0C13-4267-A026-7A5BC3867293}.Release|Any CPU.Build.0 = Release|Any CPU
		{5118AAE6-0C13-4267-A026-7A5BC3867293}.Release|Any CPU.Deploy.0 = Release|Any CPU
		{5BDCF737-5D78-4891-A022-49BB36B5DF8E}.Debug|Any CPU.ActiveCfg = Debug|Any CPU
		{5BDCF737-5D78-4891-A022-49BB36B5DF8E}.Debug|Any CPU.Build.0 = Debug|Any CPU
		{5BDCF737-5D78-4891-A022-49BB36B5DF8E}.Debug|Any CPU.Deploy.0 = Debug|Any CPU
		{5BDCF737-5D78-4891-A022-49BB36B5DF8E}.Release|Any CPU.ActiveCfg = Release|Any CPU
		{5BDCF737-5D78-4891-A022-49BB36B5DF8E}.Release|Any CPU.Build.0 = Release|Any CPU
		{5BDCF737-5D78-4891-A022-49BB36B5DF8E}.Release|Any CPU.Deploy.0 = Release|Any CPU
		{EAC8FDFE-DEB6-439E-81D6-0BEC2F184267}.Debug|Any CPU.ActiveCfg = Debug|Any CPU
		{EAC8FDFE-DEB6-439E-81D6-0BEC2F184267}.Debug|Any CPU.Build.0 = Debug|Any CPU
		{EAC8FDFE-DEB6-439E-81D6-0BEC2F184267}.Debug|Any CPU.Deploy.0 = Debug|Any CPU
		{EAC8FDFE-DEB6-439E-81D6-0BEC2F184267}.Release|Any CPU.ActiveCfg = Release|Any CPU
		{EAC8FDFE-DEB6-439E-81D6-0BEC2F184267}.Release|Any CPU.Build.0 = Release|Any CPU
		{EAC8FDFE-DEB6-439E-81D6-0BEC2F184267}.Release|Any CPU.Deploy.0 = Release|Any CPU
		{6F9F0048-8A3A-49BF-BE64-DF0CE1ECAE09}.Debug|Any CPU.ActiveCfg = Debug|Any CPU
		{6F9F0048-8A3A-49BF-BE64-DF0CE1ECAE09}.Debug|Any CPU.Build.0 = Debug|Any CPU
		{6F9F0048-8A3A-49BF-BE64-DF0CE1ECAE09}.Debug|Any CPU.Deploy.0 = Debug|Any CPU
		{6F9F0048-8A3A-49BF-BE64-DF0CE1ECAE09}.Release|Any CPU.ActiveCfg = Release|Any CPU
		{6F9F0048-8A3A-49BF-BE64-DF0CE1ECAE09}.Release|Any CPU.Build.0 = Release|Any CPU
		{6F9F0048-8A3A-49BF-BE64-DF0CE1ECAE09}.Release|Any CPU.Deploy.0 = Release|Any CPU
		{00412467-EC3A-4A91-B0BC-20CDEED1ECC7}.Debug|Any CPU.ActiveCfg = Debug|Any CPU
		{00412467-EC3A-4A91-B0BC-20CDEED1ECC7}.Debug|Any CPU.Build.0 = Debug|Any CPU
		{00412467-EC3A-4A91-B0BC-20CDEED1ECC7}.Debug|Any CPU.Deploy.0 = Debug|Any CPU
		{00412467-EC3A-4A91-B0BC-20CDEED1ECC7}.Release|Any CPU.ActiveCfg = Release|Any CPU
		{00412467-EC3A-4A91-B0BC-20CDEED1ECC7}.Release|Any CPU.Build.0 = Release|Any CPU
		{00412467-EC3A-4A91-B0BC-20CDEED1ECC7}.Release|Any CPU.Deploy.0 = Release|Any CPU
		{60933B57-C4EC-477C-BE72-8DD4901B941C}.Debug|Any CPU.ActiveCfg = Debug|Any CPU
		{60933B57-C4EC-477C-BE72-8DD4901B941C}.Debug|Any CPU.Build.0 = Debug|Any CPU
		{60933B57-C4EC-477C-BE72-8DD4901B941C}.Debug|Any CPU.Deploy.0 = Debug|Any CPU
		{60933B57-C4EC-477C-BE72-8DD4901B941C}.Release|Any CPU.ActiveCfg = Release|Any CPU
		{60933B57-C4EC-477C-BE72-8DD4901B941C}.Release|Any CPU.Build.0 = Release|Any CPU
		{60933B57-C4EC-477C-BE72-8DD4901B941C}.Release|Any CPU.Deploy.0 = Release|Any CPU
		{6F09834D-4479-41C7-8A65-D7E26A950256}.Debug|Any CPU.ActiveCfg = Debug|Any CPU
		{6F09834D-4479-41C7-8A65-D7E26A950256}.Debug|Any CPU.Build.0 = Debug|Any CPU
		{6F09834D-4479-41C7-8A65-D7E26A950256}.Debug|Any CPU.Deploy.0 = Debug|Any CPU
		{6F09834D-4479-41C7-8A65-D7E26A950256}.Release|Any CPU.ActiveCfg = Release|Any CPU
		{6F09834D-4479-41C7-8A65-D7E26A950256}.Release|Any CPU.Build.0 = Release|Any CPU
		{6F09834D-4479-41C7-8A65-D7E26A950256}.Release|Any CPU.Deploy.0 = Release|Any CPU
		{D65363C0-2416-41AC-BFBA-41026C756DB8}.Debug|Any CPU.ActiveCfg = Debug|Any CPU
		{D65363C0-2416-41AC-BFBA-41026C756DB8}.Debug|Any CPU.Build.0 = Debug|Any CPU
		{D65363C0-2416-41AC-BFBA-41026C756DB8}.Debug|Any CPU.Deploy.0 = Debug|Any CPU
		{D65363C0-2416-41AC-BFBA-41026C756DB8}.Release|Any CPU.ActiveCfg = Release|Any CPU
		{D65363C0-2416-41AC-BFBA-41026C756DB8}.Release|Any CPU.Build.0 = Release|Any CPU
		{D65363C0-2416-41AC-BFBA-41026C756DB8}.Release|Any CPU.Deploy.0 = Release|Any CPU
		{E43E9360-3998-4033-BA96-6AC0CCFAA08C}.Debug|Any CPU.ActiveCfg = Debug|Any CPU
		{E43E9360-3998-4033-BA96-6AC0CCFAA08C}.Debug|Any CPU.Build.0 = Debug|Any CPU
		{E43E9360-3998-4033-BA96-6AC0CCFAA08C}.Debug|Any CPU.Deploy.0 = Debug|Any CPU
		{E43E9360-3998-4033-BA96-6AC0CCFAA08C}.Release|Any CPU.ActiveCfg = Release|Any CPU
		{E43E9360-3998-4033-BA96-6AC0CCFAA08C}.Release|Any CPU.Build.0 = Release|Any CPU
		{E43E9360-3998-4033-BA96-6AC0CCFAA08C}.Release|Any CPU.Deploy.0 = Release|Any CPU
		{E072B9F1-F266-4F97-AAF5-43C4880DCB2E}.Debug|Any CPU.ActiveCfg = Debug|Any CPU
		{E072B9F1-F266-4F97-AAF5-43C4880DCB2E}.Debug|Any CPU.Build.0 = Debug|Any CPU
		{E072B9F1-F266-4F97-AAF5-43C4880DCB2E}.Debug|Any CPU.Deploy.0 = Debug|Any CPU
		{E072B9F1-F266-4F97-AAF5-43C4880DCB2E}.Release|Any CPU.ActiveCfg = Release|Any CPU
		{E072B9F1-F266-4F97-AAF5-43C4880DCB2E}.Release|Any CPU.Build.0 = Release|Any CPU
		{E072B9F1-F266-4F97-AAF5-43C4880DCB2E}.Release|Any CPU.Deploy.0 = Release|Any CPU
	EndGlobalSection
	GlobalSection(SolutionProperties) = preSolution
		HideSolutionNode = FALSE
	EndGlobalSection
EndGlobal
